
Microsoft Visual Studio Solution File, Format Version 12.00
# Visual Studio 15
VisualStudioVersion = 15.0.27130.2027
MinimumVisualStudioVersion = 10.0.40219.1
Project("{9092AA53-FB77-4645-B42D-1CCCA6BD08BD}") = "Test_Poject", "DMS_Demo\Test_Poject.njsproj", "{9677A29A-B19E-4E1F-B697-7A7AEA0C95A0}"
EndProject
Global
	GlobalSection(SolutionConfigurationPlatforms) = preSolution
		Debug|Any CPU = Debug|Any CPU
		Release|Any CPU = Release|Any CPU
	EndGlobalSection
	GlobalSection(ProjectConfigurationPlatforms) = postSolution
		{9677A29A-B19E-4E1F-B697-7A7AEA0C95A0}.Debug|Any CPU.ActiveCfg = Debug|Any CPU
		{9677A29A-B19E-4E1F-B697-7A7AEA0C95A0}.Debug|Any CPU.Build.0 = Debug|Any CPU
		{9677A29A-B19E-4E1F-B697-7A7AEA0C95A0}.Release|Any CPU.ActiveCfg = Release|Any CPU
		{9677A29A-B19E-4E1F-B697-7A7AEA0C95A0}.Release|Any CPU.Build.0 = Release|Any CPU
	EndGlobalSection
	GlobalSection(SolutionProperties) = preSolution
		HideSolutionNode = FALSE
	EndGlobalSection
	GlobalSection(ExtensibilityGlobals) = postSolution
		SolutionGuid = {D3DD49C1-8C0E-48F2-BB86-FA4C75C511A2}
	EndGlobalSection
EndGlobal
